// !$*UTF8*$!
{
	archiveVersion = 1;
	classes = {
	};
	objectVersion = 56;
	objects = {

/* Begin PBXBuildFile section */
		30286F8C2AF5A93D00DC3065 /* APIService.swift in Sources */ = {isa = PBXBuildFile; fileRef = 30286F8B2AF5A93D00DC3065 /* APIService.swift */; };
		3046DB952B1E75EE00687DFC /* MapView.swift in Sources */ = {isa = PBXBuildFile; fileRef = 3046DB942B1E75EE00687DFC /* MapView.swift */; };
		308B00382B1E8315000CB272 /* TestMapView.swift in Sources */ = {isa = PBXBuildFile; fileRef = 308B00372B1E8315000CB272 /* TestMapView.swift */; };
		30F03ABB2B1EC33A0094D8CC /* NewJobView.swift in Sources */ = {isa = PBXBuildFile; fileRef = 30F03ABA2B1EC3390094D8CC /* NewJobView.swift */; };
		3F0844752AF42B300080BF41 /* GreyhoundHubApp.swift in Sources */ = {isa = PBXBuildFile; fileRef = 3F0844742AF42B300080BF41 /* GreyhoundHubApp.swift */; };
		3F0844772AF42B300080BF41 /* ContentView.swift in Sources */ = {isa = PBXBuildFile; fileRef = 3F0844762AF42B300080BF41 /* ContentView.swift */; };
		3F0844792AF42B310080BF41 /* Assets.xcassets in Resources */ = {isa = PBXBuildFile; fileRef = 3F0844782AF42B310080BF41 /* Assets.xcassets */; };
		3F08447D2AF42B310080BF41 /* Preview Assets.xcassets in Resources */ = {isa = PBXBuildFile; fileRef = 3F08447C2AF42B310080BF41 /* Preview Assets.xcassets */; };
		3F0844872AF42B320080BF41 /* GreyhoundHubTests.swift in Sources */ = {isa = PBXBuildFile; fileRef = 3F0844862AF42B320080BF41 /* GreyhoundHubTests.swift */; };
		3F0844912AF42B320080BF41 /* GreyhoundHubUITests.swift in Sources */ = {isa = PBXBuildFile; fileRef = 3F0844902AF42B320080BF41 /* GreyhoundHubUITests.swift */; };
		3F0844932AF42B320080BF41 /* GreyhoundHubUITestsLaunchTests.swift in Sources */ = {isa = PBXBuildFile; fileRef = 3F0844922AF42B320080BF41 /* GreyhoundHubUITestsLaunchTests.swift */; };
		3F45E3B02B1EEC1B000A7CE0 /* StudentOrderView.swift in Sources */ = {isa = PBXBuildFile; fileRef = 3F45E3AF2B1EEC1B000A7CE0 /* StudentOrderView.swift */; };
		7E4DA4122AF9E7B100151945 /* CreateAccountView.swift in Sources */ = {isa = PBXBuildFile; fileRef = 7E4DA4112AF9E7B100151945 /* CreateAccountView.swift */; };
		7E4DA4142AF9E80000151945 /* AccountView.swift in Sources */ = {isa = PBXBuildFile; fileRef = 7E4DA4132AF9E80000151945 /* AccountView.swift */; };
		7E4DA4162AF9E83600151945 /* GreenGreyView.swift in Sources */ = {isa = PBXBuildFile; fileRef = 7E4DA4152AF9E83600151945 /* GreenGreyView.swift */; };
		7E4DA4182AF9E86500151945 /* IggysView.swift in Sources */ = {isa = PBXBuildFile; fileRef = 7E4DA4172AF9E86500151945 /* IggysView.swift */; };
		7E4DA41A2AF9E89B00151945 /* StarbucksView.swift in Sources */ = {isa = PBXBuildFile; fileRef = 7E4DA4192AF9E89B00151945 /* StarbucksView.swift */; };
		7E4DA41C2AF9E8D700151945 /* BoulderView.swift in Sources */ = {isa = PBXBuildFile; fileRef = 7E4DA41B2AF9E8D700151945 /* BoulderView.swift */; };
		7E4DA41E2AF9E8FA00151945 /* StartView.swift in Sources */ = {isa = PBXBuildFile; fileRef = 7E4DA41D2AF9E8FA00151945 /* StartView.swift */; };
		7E4DA4202AF9E91100151945 /* LoginView.swift in Sources */ = {isa = PBXBuildFile; fileRef = 7E4DA41F2AF9E91100151945 /* LoginView.swift */; };
		7E4DA4222AF9E96C00151945 /* ByPassView.swift in Sources */ = {isa = PBXBuildFile; fileRef = 7E4DA4212AF9E96C00151945 /* ByPassView.swift */; };
		7E4DA4242AF9F29E00151945 /* WorkerLoginView.swift in Sources */ = {isa = PBXBuildFile; fileRef = 7E4DA4232AF9F29E00151945 /* WorkerLoginView.swift */; };
		7EC515FB2AF9F73D00524639 /* WorkerHomeView.swift in Sources */ = {isa = PBXBuildFile; fileRef = 7EC515FA2AF9F73D00524639 /* WorkerHomeView.swift */; };
/* End PBXBuildFile section */

/* Begin PBXContainerItemProxy section */
		3F0844832AF42B310080BF41 /* PBXContainerItemProxy */ = {
			isa = PBXContainerItemProxy;
			containerPortal = 3F0844692AF42B300080BF41 /* Project object */;
			proxyType = 1;
			remoteGlobalIDString = 3F0844702AF42B300080BF41;
			remoteInfo = GreyhoundHub;
		};
		3F08448D2AF42B320080BF41 /* PBXContainerItemProxy */ = {
			isa = PBXContainerItemProxy;
			containerPortal = 3F0844692AF42B300080BF41 /* Project object */;
			proxyType = 1;
			remoteGlobalIDString = 3F0844702AF42B300080BF41;
			remoteInfo = GreyhoundHub;
		};
/* End PBXContainerItemProxy section */

/* Begin PBXFileReference section */
		301E13B42B1E784A004A688D /* Info.plist */ = {isa = PBXFileReference; lastKnownFileType = text.plist; path = Info.plist; sourceTree = "<group>"; };
		30286F8B2AF5A93D00DC3065 /* APIService.swift */ = {isa = PBXFileReference; lastKnownFileType = sourcecode.swift; path = APIService.swift; sourceTree = "<group>"; };
		3046DB942B1E75EE00687DFC /* MapView.swift */ = {isa = PBXFileReference; lastKnownFileType = sourcecode.swift; path = MapView.swift; sourceTree = "<group>"; };
		308B00372B1E8315000CB272 /* TestMapView.swift */ = {isa = PBXFileReference; lastKnownFileType = sourcecode.swift; path = TestMapView.swift; sourceTree = "<group>"; };
		30F03ABA2B1EC3390094D8CC /* NewJobView.swift */ = {isa = PBXFileReference; fileEncoding = 4; lastKnownFileType = sourcecode.swift; path = NewJobView.swift; sourceTree = "<group>"; };
		3F0844712AF42B300080BF41 /* GreyhoundHub.app */ = {isa = PBXFileReference; explicitFileType = wrapper.application; includeInIndex = 0; path = GreyhoundHub.app; sourceTree = BUILT_PRODUCTS_DIR; };
		3F0844742AF42B300080BF41 /* GreyhoundHubApp.swift */ = {isa = PBXFileReference; lastKnownFileType = sourcecode.swift; path = GreyhoundHubApp.swift; sourceTree = "<group>"; };
		3F0844762AF42B300080BF41 /* ContentView.swift */ = {isa = PBXFileReference; lastKnownFileType = sourcecode.swift; path = ContentView.swift; sourceTree = "<group>"; };
		3F0844782AF42B310080BF41 /* Assets.xcassets */ = {isa = PBXFileReference; lastKnownFileType = folder.assetcatalog; path = Assets.xcassets; sourceTree = "<group>"; };
		3F08447A2AF42B310080BF41 /* GreyhoundHub.entitlements */ = {isa = PBXFileReference; lastKnownFileType = text.plist.entitlements; path = GreyhoundHub.entitlements; sourceTree = "<group>"; };
		3F08447C2AF42B310080BF41 /* Preview Assets.xcassets */ = {isa = PBXFileReference; lastKnownFileType = folder.assetcatalog; path = "Preview Assets.xcassets"; sourceTree = "<group>"; };
		3F0844822AF42B310080BF41 /* GreyhoundHubTests.xctest */ = {isa = PBXFileReference; explicitFileType = wrapper.cfbundle; includeInIndex = 0; path = GreyhoundHubTests.xctest; sourceTree = BUILT_PRODUCTS_DIR; };
		3F0844862AF42B320080BF41 /* GreyhoundHubTests.swift */ = {isa = PBXFileReference; lastKnownFileType = sourcecode.swift; path = GreyhoundHubTests.swift; sourceTree = "<group>"; };
		3F08448C2AF42B320080BF41 /* GreyhoundHubUITests.xctest */ = {isa = PBXFileReference; explicitFileType = wrapper.cfbundle; includeInIndex = 0; path = GreyhoundHubUITests.xctest; sourceTree = BUILT_PRODUCTS_DIR; };
		3F0844902AF42B320080BF41 /* GreyhoundHubUITests.swift */ = {isa = PBXFileReference; lastKnownFileType = sourcecode.swift; path = GreyhoundHubUITests.swift; sourceTree = "<group>"; };
		3F0844922AF42B320080BF41 /* GreyhoundHubUITestsLaunchTests.swift */ = {isa = PBXFileReference; lastKnownFileType = sourcecode.swift; path = GreyhoundHubUITestsLaunchTests.swift; sourceTree = "<group>"; };
		3F45E3AF2B1EEC1B000A7CE0 /* StudentOrderView.swift */ = {isa = PBXFileReference; fileEncoding = 4; lastKnownFileType = sourcecode.swift; path = StudentOrderView.swift; sourceTree = "<group>"; };
		7E4DA4112AF9E7B100151945 /* CreateAccountView.swift */ = {isa = PBXFileReference; lastKnownFileType = sourcecode.swift; path = CreateAccountView.swift; sourceTree = "<group>"; };
		7E4DA4132AF9E80000151945 /* AccountView.swift */ = {isa = PBXFileReference; lastKnownFileType = sourcecode.swift; path = AccountView.swift; sourceTree = "<group>"; };
		7E4DA4152AF9E83600151945 /* GreenGreyView.swift */ = {isa = PBXFileReference; lastKnownFileType = sourcecode.swift; path = GreenGreyView.swift; sourceTree = "<group>"; };
		7E4DA4172AF9E86500151945 /* IggysView.swift */ = {isa = PBXFileReference; lastKnownFileType = sourcecode.swift; path = IggysView.swift; sourceTree = "<group>"; };
		7E4DA4192AF9E89B00151945 /* StarbucksView.swift */ = {isa = PBXFileReference; lastKnownFileType = sourcecode.swift; path = StarbucksView.swift; sourceTree = "<group>"; };
		7E4DA41B2AF9E8D700151945 /* BoulderView.swift */ = {isa = PBXFileReference; lastKnownFileType = sourcecode.swift; path = BoulderView.swift; sourceTree = "<group>"; };
		7E4DA41D2AF9E8FA00151945 /* StartView.swift */ = {isa = PBXFileReference; lastKnownFileType = sourcecode.swift; path = StartView.swift; sourceTree = "<group>"; };
		7E4DA41F2AF9E91100151945 /* LoginView.swift */ = {isa = PBXFileReference; lastKnownFileType = sourcecode.swift; path = LoginView.swift; sourceTree = "<group>"; };
		7E4DA4212AF9E96C00151945 /* ByPassView.swift */ = {isa = PBXFileReference; lastKnownFileType = sourcecode.swift; path = ByPassView.swift; sourceTree = "<group>"; };
		7E4DA4232AF9F29E00151945 /* WorkerLoginView.swift */ = {isa = PBXFileReference; lastKnownFileType = sourcecode.swift; path = WorkerLoginView.swift; sourceTree = "<group>"; };
		7EC515FA2AF9F73D00524639 /* WorkerHomeView.swift */ = {isa = PBXFileReference; lastKnownFileType = sourcecode.swift; path = WorkerHomeView.swift; sourceTree = "<group>"; };
/* End PBXFileReference section */

/* Begin PBXFrameworksBuildPhase section */
		3F08446E2AF42B300080BF41 /* Frameworks */ = {
			isa = PBXFrameworksBuildPhase;
			buildActionMask = 2147483647;
			files = (
			);
			runOnlyForDeploymentPostprocessing = 0;
		};
		3F08447F2AF42B310080BF41 /* Frameworks */ = {
			isa = PBXFrameworksBuildPhase;
			buildActionMask = 2147483647;
			files = (
			);
			runOnlyForDeploymentPostprocessing = 0;
		};
		3F0844892AF42B320080BF41 /* Frameworks */ = {
			isa = PBXFrameworksBuildPhase;
			buildActionMask = 2147483647;
			files = (
			);
			runOnlyForDeploymentPostprocessing = 0;
		};
/* End PBXFrameworksBuildPhase section */

/* Begin PBXGroup section */
		3F0844682AF42B300080BF41 = {
			isa = PBXGroup;
			children = (
				308B00372B1E8315000CB272 /* TestMapView.swift */,
				3F0844732AF42B300080BF41 /* GreyhoundHub */,
				3F0844852AF42B310080BF41 /* GreyhoundHubTests */,
				3F08448F2AF42B320080BF41 /* GreyhoundHubUITests */,
				3F0844722AF42B300080BF41 /* Products */,
			);
			sourceTree = "<group>";
		};
		3F0844722AF42B300080BF41 /* Products */ = {
			isa = PBXGroup;
			children = (
				3F0844712AF42B300080BF41 /* GreyhoundHub.app */,
				3F0844822AF42B310080BF41 /* GreyhoundHubTests.xctest */,
				3F08448C2AF42B320080BF41 /* GreyhoundHubUITests.xctest */,
			);
			name = Products;
			sourceTree = "<group>";
		};
		3F0844732AF42B300080BF41 /* GreyhoundHub */ = {
			isa = PBXGroup;
			children = (
				301E13B42B1E784A004A688D /* Info.plist */,
				3F0844742AF42B300080BF41 /* GreyhoundHubApp.swift */,
				3F0844762AF42B300080BF41 /* ContentView.swift */,
				3046DB942B1E75EE00687DFC /* MapView.swift */,
				7E4DA4212AF9E96C00151945 /* ByPassView.swift */,
				7E4DA4132AF9E80000151945 /* AccountView.swift */,
				7E4DA41F2AF9E91100151945 /* LoginView.swift */,
				3F45E3AF2B1EEC1B000A7CE0 /* StudentOrderView.swift */,
				7E4DA41D2AF9E8FA00151945 /* StartView.swift */,
				7EC515FA2AF9F73D00524639 /* WorkerHomeView.swift */,
				7E4DA4232AF9F29E00151945 /* WorkerLoginView.swift */,
				7E4DA41B2AF9E8D700151945 /* BoulderView.swift */,
				7E4DA4192AF9E89B00151945 /* StarbucksView.swift */,
				7E4DA4172AF9E86500151945 /* IggysView.swift */,
				7E4DA4152AF9E83600151945 /* GreenGreyView.swift */,
				7E4DA4112AF9E7B100151945 /* CreateAccountView.swift */,
				30F03ABA2B1EC3390094D8CC /* NewJobView.swift */,
				3F0844782AF42B310080BF41 /* Assets.xcassets */,
				3F08447A2AF42B310080BF41 /* GreyhoundHub.entitlements */,
				3F08447B2AF42B310080BF41 /* Preview Content */,
				30286F8B2AF5A93D00DC3065 /* APIService.swift */,
			);
			path = GreyhoundHub;
			sourceTree = "<group>";
		};
		3F08447B2AF42B310080BF41 /* Preview Content */ = {
			isa = PBXGroup;
			children = (
				3F08447C2AF42B310080BF41 /* Preview Assets.xcassets */,
			);
			path = "Preview Content";
			sourceTree = "<group>";
		};
		3F0844852AF42B310080BF41 /* GreyhoundHubTests */ = {
			isa = PBXGroup;
			children = (
				3F0844862AF42B320080BF41 /* GreyhoundHubTests.swift */,
			);
			path = GreyhoundHubTests;
			sourceTree = "<group>";
		};
		3F08448F2AF42B320080BF41 /* GreyhoundHubUITests */ = {
			isa = PBXGroup;
			children = (
				3F0844902AF42B320080BF41 /* GreyhoundHubUITests.swift */,
				3F0844922AF42B320080BF41 /* GreyhoundHubUITestsLaunchTests.swift */,
			);
			path = GreyhoundHubUITests;
			sourceTree = "<group>";
		};
/* End PBXGroup section */

/* Begin PBXNativeTarget section */
		3F0844702AF42B300080BF41 /* GreyhoundHub */ = {
			isa = PBXNativeTarget;
			buildConfigurationList = 3F0844962AF42B320080BF41 /* Build configuration list for PBXNativeTarget "GreyhoundHub" */;
			buildPhases = (
				3F08446D2AF42B300080BF41 /* Sources */,
				3F08446E2AF42B300080BF41 /* Frameworks */,
				3F08446F2AF42B300080BF41 /* Resources */,
			);
			buildRules = (
			);
			dependencies = (
			);
			name = GreyhoundHub;
			productName = GreyhoundHub;
			productReference = 3F0844712AF42B300080BF41 /* GreyhoundHub.app */;
			productType = "com.apple.product-type.application";
		};
		3F0844812AF42B310080BF41 /* GreyhoundHubTests */ = {
			isa = PBXNativeTarget;
			buildConfigurationList = 3F0844992AF42B320080BF41 /* Build configuration list for PBXNativeTarget "GreyhoundHubTests" */;
			buildPhases = (
				3F08447E2AF42B310080BF41 /* Sources */,
				3F08447F2AF42B310080BF41 /* Frameworks */,
				3F0844802AF42B310080BF41 /* Resources */,
			);
			buildRules = (
			);
			dependencies = (
				3F0844842AF42B310080BF41 /* PBXTargetDependency */,
			);
			name = GreyhoundHubTests;
			productName = GreyhoundHubTests;
			productReference = 3F0844822AF42B310080BF41 /* GreyhoundHubTests.xctest */;
			productType = "com.apple.product-type.bundle.unit-test";
		};
		3F08448B2AF42B320080BF41 /* GreyhoundHubUITests */ = {
			isa = PBXNativeTarget;
			buildConfigurationList = 3F08449C2AF42B320080BF41 /* Build configuration list for PBXNativeTarget "GreyhoundHubUITests" */;
			buildPhases = (
				3F0844882AF42B320080BF41 /* Sources */,
				3F0844892AF42B320080BF41 /* Frameworks */,
				3F08448A2AF42B320080BF41 /* Resources */,
			);
			buildRules = (
			);
			dependencies = (
				3F08448E2AF42B320080BF41 /* PBXTargetDependency */,
			);
			name = GreyhoundHubUITests;
			productName = GreyhoundHubUITests;
			productReference = 3F08448C2AF42B320080BF41 /* GreyhoundHubUITests.xctest */;
			productType = "com.apple.product-type.bundle.ui-testing";
		};
/* End PBXNativeTarget section */

/* Begin PBXProject section */
		3F0844692AF42B300080BF41 /* Project object */ = {
			isa = PBXProject;
			attributes = {
				BuildIndependentTargetsInParallel = 1;
				LastSwiftUpdateCheck = 1430;
				LastUpgradeCheck = 1430;
				TargetAttributes = {
					3F0844702AF42B300080BF41 = {
						CreatedOnToolsVersion = 14.3.1;
					};
					3F0844812AF42B310080BF41 = {
						CreatedOnToolsVersion = 14.3.1;
						TestTargetID = 3F0844702AF42B300080BF41;
					};
					3F08448B2AF42B320080BF41 = {
						CreatedOnToolsVersion = 14.3.1;
						TestTargetID = 3F0844702AF42B300080BF41;
					};
				};
			};
			buildConfigurationList = 3F08446C2AF42B300080BF41 /* Build configuration list for PBXProject "GreyhoundHub" */;
			compatibilityVersion = "Xcode 14.0";
			developmentRegion = en;
			hasScannedForEncodings = 0;
			knownRegions = (
				en,
				Base,
			);
			mainGroup = 3F0844682AF42B300080BF41;
			productRefGroup = 3F0844722AF42B300080BF41 /* Products */;
			projectDirPath = "";
			projectRoot = "";
			targets = (
				3F0844702AF42B300080BF41 /* GreyhoundHub */,
				3F0844812AF42B310080BF41 /* GreyhoundHubTests */,
				3F08448B2AF42B320080BF41 /* GreyhoundHubUITests */,
			);
		};
/* End PBXProject section */

/* Begin PBXResourcesBuildPhase section */
		3F08446F2AF42B300080BF41 /* Resources */ = {
			isa = PBXResourcesBuildPhase;
			buildActionMask = 2147483647;
			files = (
				3F08447D2AF42B310080BF41 /* Preview Assets.xcassets in Resources */,
				3F0844792AF42B310080BF41 /* Assets.xcassets in Resources */,
			);
			runOnlyForDeploymentPostprocessing = 0;
		};
		3F0844802AF42B310080BF41 /* Resources */ = {
			isa = PBXResourcesBuildPhase;
			buildActionMask = 2147483647;
			files = (
			);
			runOnlyForDeploymentPostprocessing = 0;
		};
		3F08448A2AF42B320080BF41 /* Resources */ = {
			isa = PBXResourcesBuildPhase;
			buildActionMask = 2147483647;
			files = (
			);
			runOnlyForDeploymentPostprocessing = 0;
		};
/* End PBXResourcesBuildPhase section */

/* Begin PBXSourcesBuildPhase section */
		3F08446D2AF42B300080BF41 /* Sources */ = {
			isa = PBXSourcesBuildPhase;
			buildActionMask = 2147483647;
			files = (
				30F03ABB2B1EC33A0094D8CC /* NewJobView.swift in Sources */,
				3F0844772AF42B300080BF41 /* ContentView.swift in Sources */,
				7E4DA41E2AF9E8FA00151945 /* StartView.swift in Sources */,
				7E4DA41C2AF9E8D700151945 /* BoulderView.swift in Sources */,
				30286F8C2AF5A93D00DC3065 /* APIService.swift in Sources */,
				7E4DA4222AF9E96C00151945 /* ByPassView.swift in Sources */,
				308B00382B1E8315000CB272 /* TestMapView.swift in Sources */,
				7EC515FB2AF9F73D00524639 /* WorkerHomeView.swift in Sources */,
				7E4DA4182AF9E86500151945 /* IggysView.swift in Sources */,
				3046DB952B1E75EE00687DFC /* MapView.swift in Sources */,
				7E4DA41A2AF9E89B00151945 /* StarbucksView.swift in Sources */,
				7E4DA4122AF9E7B100151945 /* CreateAccountView.swift in Sources */,
				3F0844752AF42B300080BF41 /* GreyhoundHubApp.swift in Sources */,
				3F45E3B02B1EEC1B000A7CE0 /* StudentOrderView.swift in Sources */,
				7E4DA4242AF9F29E00151945 /* WorkerLoginView.swift in Sources */,
				7E4DA4202AF9E91100151945 /* LoginView.swift in Sources */,
				7E4DA4142AF9E80000151945 /* AccountView.swift in Sources */,
				7E4DA4162AF9E83600151945 /* GreenGreyView.swift in Sources */,
			);
			runOnlyForDeploymentPostprocessing = 0;
		};
		3F08447E2AF42B310080BF41 /* Sources */ = {
			isa = PBXSourcesBuildPhase;
			buildActionMask = 2147483647;
			files = (
				3F0844872AF42B320080BF41 /* GreyhoundHubTests.swift in Sources */,
			);
			runOnlyForDeploymentPostprocessing = 0;
		};
		3F0844882AF42B320080BF41 /* Sources */ = {
			isa = PBXSourcesBuildPhase;
			buildActionMask = 2147483647;
			files = (
				3F0844932AF42B320080BF41 /* GreyhoundHubUITestsLaunchTests.swift in Sources */,
				3F0844912AF42B320080BF41 /* GreyhoundHubUITests.swift in Sources */,
			);
			runOnlyForDeploymentPostprocessing = 0;
		};
/* End PBXSourcesBuildPhase section */

/* Begin PBXTargetDependency section */
		3F0844842AF42B310080BF41 /* PBXTargetDependency */ = {
			isa = PBXTargetDependency;
			target = 3F0844702AF42B300080BF41 /* GreyhoundHub */;
			targetProxy = 3F0844832AF42B310080BF41 /* PBXContainerItemProxy */;
		};
		3F08448E2AF42B320080BF41 /* PBXTargetDependency */ = {
			isa = PBXTargetDependency;
			target = 3F0844702AF42B300080BF41 /* GreyhoundHub */;
			targetProxy = 3F08448D2AF42B320080BF41 /* PBXContainerItemProxy */;
		};
/* End PBXTargetDependency section */

/* Begin XCBuildConfiguration section */
		3F0844942AF42B320080BF41 /* Debug */ = {
			isa = XCBuildConfiguration;
			buildSettings = {
				ALWAYS_SEARCH_USER_PATHS = NO;
				CLANG_ANALYZER_NONNULL = YES;
				CLANG_ANALYZER_NUMBER_OBJECT_CONVERSION = YES_AGGRESSIVE;
				CLANG_CXX_LANGUAGE_STANDARD = "gnu++20";
				CLANG_ENABLE_MODULES = YES;
				CLANG_ENABLE_OBJC_ARC = YES;
				CLANG_ENABLE_OBJC_WEAK = YES;
				CLANG_WARN_BLOCK_CAPTURE_AUTORELEASING = YES;
				CLANG_WARN_BOOL_CONVERSION = YES;
				CLANG_WARN_COMMA = YES;
				CLANG_WARN_CONSTANT_CONVERSION = YES;
				CLANG_WARN_DEPRECATED_OBJC_IMPLEMENTATIONS = YES;
				CLANG_WARN_DIRECT_OBJC_ISA_USAGE = YES_ERROR;
				CLANG_WARN_DOCUMENTATION_COMMENTS = YES;
				CLANG_WARN_EMPTY_BODY = YES;
				CLANG_WARN_ENUM_CONVERSION = YES;
				CLANG_WARN_INFINITE_RECURSION = YES;
				CLANG_WARN_INT_CONVERSION = YES;
				CLANG_WARN_NON_LITERAL_NULL_CONVERSION = YES;
				CLANG_WARN_OBJC_IMPLICIT_RETAIN_SELF = YES;
				CLANG_WARN_OBJC_LITERAL_CONVERSION = YES;
				CLANG_WARN_OBJC_ROOT_CLASS = YES_ERROR;
				CLANG_WARN_QUOTED_INCLUDE_IN_FRAMEWORK_HEADER = YES;
				CLANG_WARN_RANGE_LOOP_ANALYSIS = YES;
				CLANG_WARN_STRICT_PROTOTYPES = YES;
				CLANG_WARN_SUSPICIOUS_MOVE = YES;
				CLANG_WARN_UNGUARDED_AVAILABILITY = YES_AGGRESSIVE;
				CLANG_WARN_UNREACHABLE_CODE = YES;
				CLANG_WARN__DUPLICATE_METHOD_MATCH = YES;
				COPY_PHASE_STRIP = NO;
				DEBUG_INFORMATION_FORMAT = dwarf;
				ENABLE_STRICT_OBJC_MSGSEND = YES;
				ENABLE_TESTABILITY = YES;
				GCC_C_LANGUAGE_STANDARD = gnu11;
				GCC_DYNAMIC_NO_PIC = NO;
				GCC_NO_COMMON_BLOCKS = YES;
				GCC_OPTIMIZATION_LEVEL = 0;
				GCC_PREPROCESSOR_DEFINITIONS = (
					"DEBUG=1",
					"$(inherited)",
				);
				GCC_WARN_64_TO_32_BIT_CONVERSION = YES;
				GCC_WARN_ABOUT_RETURN_TYPE = YES_ERROR;
				GCC_WARN_UNDECLARED_SELECTOR = YES;
				GCC_WARN_UNINITIALIZED_AUTOS = YES_AGGRESSIVE;
				GCC_WARN_UNUSED_FUNCTION = YES;
				GCC_WARN_UNUSED_VARIABLE = YES;
				MTL_ENABLE_DEBUG_INFO = INCLUDE_SOURCE;
				MTL_FAST_MATH = YES;
				ONLY_ACTIVE_ARCH = YES;
				SWIFT_ACTIVE_COMPILATION_CONDITIONS = DEBUG;
				SWIFT_OPTIMIZATION_LEVEL = "-Onone";
			};
			name = Debug;
		};
		3F0844952AF42B320080BF41 /* Release */ = {
			isa = XCBuildConfiguration;
			buildSettings = {
				ALWAYS_SEARCH_USER_PATHS = NO;
				CLANG_ANALYZER_NONNULL = YES;
				CLANG_ANALYZER_NUMBER_OBJECT_CONVERSION = YES_AGGRESSIVE;
				CLANG_CXX_LANGUAGE_STANDARD = "gnu++20";
				CLANG_ENABLE_MODULES = YES;
				CLANG_ENABLE_OBJC_ARC = YES;
				CLANG_ENABLE_OBJC_WEAK = YES;
				CLANG_WARN_BLOCK_CAPTURE_AUTORELEASING = YES;
				CLANG_WARN_BOOL_CONVERSION = YES;
				CLANG_WARN_COMMA = YES;
				CLANG_WARN_CONSTANT_CONVERSION = YES;
				CLANG_WARN_DEPRECATED_OBJC_IMPLEMENTATIONS = YES;
				CLANG_WARN_DIRECT_OBJC_ISA_USAGE = YES_ERROR;
				CLANG_WARN_DOCUMENTATION_COMMENTS = YES;
				CLANG_WARN_EMPTY_BODY = YES;
				CLANG_WARN_ENUM_CONVERSION = YES;
				CLANG_WARN_INFINITE_RECURSION = YES;
				CLANG_WARN_INT_CONVERSION = YES;
				CLANG_WARN_NON_LITERAL_NULL_CONVERSION = YES;
				CLANG_WARN_OBJC_IMPLICIT_RETAIN_SELF = YES;
				CLANG_WARN_OBJC_LITERAL_CONVERSION = YES;
				CLANG_WARN_OBJC_ROOT_CLASS = YES_ERROR;
				CLANG_WARN_QUOTED_INCLUDE_IN_FRAMEWORK_HEADER = YES;
				CLANG_WARN_RANGE_LOOP_ANALYSIS = YES;
				CLANG_WARN_STRICT_PROTOTYPES = YES;
				CLANG_WARN_SUSPICIOUS_MOVE = YES;
				CLANG_WARN_UNGUARDED_AVAILABILITY = YES_AGGRESSIVE;
				CLANG_WARN_UNREACHABLE_CODE = YES;
				CLANG_WARN__DUPLICATE_METHOD_MATCH = YES;
				COPY_PHASE_STRIP = NO;
				DEBUG_INFORMATION_FORMAT = "dwarf-with-dsym";
				ENABLE_NS_ASSERTIONS = NO;
				ENABLE_STRICT_OBJC_MSGSEND = YES;
				GCC_C_LANGUAGE_STANDARD = gnu11;
				GCC_NO_COMMON_BLOCKS = YES;
				GCC_WARN_64_TO_32_BIT_CONVERSION = YES;
				GCC_WARN_ABOUT_RETURN_TYPE = YES_ERROR;
				GCC_WARN_UNDECLARED_SELECTOR = YES;
				GCC_WARN_UNINITIALIZED_AUTOS = YES_AGGRESSIVE;
				GCC_WARN_UNUSED_FUNCTION = YES;
				GCC_WARN_UNUSED_VARIABLE = YES;
				MTL_ENABLE_DEBUG_INFO = NO;
				MTL_FAST_MATH = YES;
				SWIFT_COMPILATION_MODE = wholemodule;
				SWIFT_OPTIMIZATION_LEVEL = "-O";
			};
			name = Release;
		};
		3F0844972AF42B320080BF41 /* Debug */ = {
			isa = XCBuildConfiguration;
			buildSettings = {
				ASSETCATALOG_COMPILER_APPICON_NAME = AppIcon;
				ASSETCATALOG_COMPILER_GLOBAL_ACCENT_COLOR_NAME = AccentColor;
				CODE_SIGN_ENTITLEMENTS = GreyhoundHub/GreyhoundHub.entitlements;
				CODE_SIGN_STYLE = Automatic;
				CURRENT_PROJECT_VERSION = 1;
				DEVELOPMENT_ASSET_PATHS = "\"GreyhoundHub/Preview Content\"";
				DEVELOPMENT_TEAM = 5TCCXKJ243;
				ENABLE_PREVIEWS = YES;
				GENERATE_INFOPLIST_FILE = YES;
				INFOPLIST_FILE = GreyhoundHub/Info.plist;
				INFOPLIST_KEY_NSLocationAlwaysAndWhenInUseUsageDescription = "GreyhoundGrub wants to display your location.";
				INFOPLIST_KEY_NSLocationAlwaysUsageDescription = "GreyhoundGrub wants to display your location.";
				INFOPLIST_KEY_NSLocationUsageDescription = "GreyhoundGrub wants to display your location.";
				INFOPLIST_KEY_NSLocationWhenInUseUsageDescription = "GreyhoundGrub wants to display your location.";
				"INFOPLIST_KEY_UIApplicationSceneManifest_Generation[sdk=iphoneos*]" = YES;
				"INFOPLIST_KEY_UIApplicationSceneManifest_Generation[sdk=iphonesimulator*]" = YES;
				"INFOPLIST_KEY_UIApplicationSupportsIndirectInputEvents[sdk=iphoneos*]" = YES;
				"INFOPLIST_KEY_UIApplicationSupportsIndirectInputEvents[sdk=iphonesimulator*]" = YES;
				"INFOPLIST_KEY_UILaunchScreen_Generation[sdk=iphoneos*]" = YES;
				"INFOPLIST_KEY_UILaunchScreen_Generation[sdk=iphonesimulator*]" = YES;
				"INFOPLIST_KEY_UIStatusBarStyle[sdk=iphoneos*]" = UIStatusBarStyleDefault;
				"INFOPLIST_KEY_UIStatusBarStyle[sdk=iphonesimulator*]" = UIStatusBarStyleDefault;
				INFOPLIST_KEY_UISupportedInterfaceOrientations_iPad = "UIInterfaceOrientationPortrait UIInterfaceOrientationPortraitUpsideDown UIInterfaceOrientationLandscapeLeft UIInterfaceOrientationLandscapeRight";
				INFOPLIST_KEY_UISupportedInterfaceOrientations_iPhone = "UIInterfaceOrientationPortrait UIInterfaceOrientationLandscapeLeft UIInterfaceOrientationLandscapeRight";
				IPHONEOS_DEPLOYMENT_TARGET = 16.4;
				LD_RUNPATH_SEARCH_PATHS = "@executable_path/Frameworks";
				"LD_RUNPATH_SEARCH_PATHS[sdk=macosx*]" = "@executable_path/../Frameworks";
				MACOSX_DEPLOYMENT_TARGET = 13.3;
				MARKETING_VERSION = 1.0;
				PRODUCT_BUNDLE_IDENTIFIER = com.cs482.GreyhoundHub;
				PRODUCT_NAME = "$(TARGET_NAME)";
				SDKROOT = auto;
				SUPPORTED_PLATFORMS = "iphoneos iphonesimulator macosx";
				SWIFT_EMIT_LOC_STRINGS = YES;
				SWIFT_VERSION = 5.0;
				TARGETED_DEVICE_FAMILY = "1,2";
			};
			name = Debug;
		};
		3F0844982AF42B320080BF41 /* Release */ = {
			isa = XCBuildConfiguration;
			buildSettings = {
				ASSETCATALOG_COMPILER_APPICON_NAME = AppIcon;
				ASSETCATALOG_COMPILER_GLOBAL_ACCENT_COLOR_NAME = AccentColor;
				CODE_SIGN_ENTITLEMENTS = GreyhoundHub/GreyhoundHub.entitlements;
				CODE_SIGN_STYLE = Automatic;
				CURRENT_PROJECT_VERSION = 1;
				DEVELOPMENT_ASSET_PATHS = "\"GreyhoundHub/Preview Content\"";
				DEVELOPMENT_TEAM = 5TCCXKJ243;
				ENABLE_PREVIEWS = YES;
				GENERATE_INFOPLIST_FILE = YES;
				INFOPLIST_FILE = GreyhoundHub/Info.plist;
				INFOPLIST_KEY_NSLocationAlwaysAndWhenInUseUsageDescription = "GreyhoundGrub wants to display your location.";
				INFOPLIST_KEY_NSLocationAlwaysUsageDescription = "GreyhoundGrub wants to display your location.";
				INFOPLIST_KEY_NSLocationUsageDescription = "GreyhoundGrub wants to display your location.";
				INFOPLIST_KEY_NSLocationWhenInUseUsageDescription = "GreyhoundGrub wants to display your location.";
				"INFOPLIST_KEY_UIApplicationSceneManifest_Generation[sdk=iphoneos*]" = YES;
				"INFOPLIST_KEY_UIApplicationSceneManifest_Generation[sdk=iphonesimulator*]" = YES;
				"INFOPLIST_KEY_UIApplicationSupportsIndirectInputEvents[sdk=iphoneos*]" = YES;
				"INFOPLIST_KEY_UIApplicationSupportsIndirectInputEvents[sdk=iphonesimulator*]" = YES;
				"INFOPLIST_KEY_UILaunchScreen_Generation[sdk=iphoneos*]" = YES;
				"INFOPLIST_KEY_UILaunchScreen_Generation[sdk=iphonesimulator*]" = YES;
				"INFOPLIST_KEY_UIStatusBarStyle[sdk=iphoneos*]" = UIStatusBarStyleDefault;
				"INFOPLIST_KEY_UIStatusBarStyle[sdk=iphonesimulator*]" = UIStatusBarStyleDefault;
				INFOPLIST_KEY_UISupportedInterfaceOrientations_iPad = "UIInterfaceOrientationPortrait UIInterfaceOrientationPortraitUpsideDown UIInterfaceOrientationLandscapeLeft UIInterfaceOrientationLandscapeRight";
				INFOPLIST_KEY_UISupportedInterfaceOrientations_iPhone = "UIInterfaceOrientationPortrait UIInterfaceOrientationLandscapeLeft UIInterfaceOrientationLandscapeRight";
				IPHONEOS_DEPLOYMENT_TARGET = 16.4;
				LD_RUNPATH_SEARCH_PATHS = "@executable_path/Frameworks";
				"LD_RUNPATH_SEARCH_PATHS[sdk=macosx*]" = "@executable_path/../Frameworks";
				MACOSX_DEPLOYMENT_TARGET = 13.3;
				MARKETING_VERSION = 1.0;
				PRODUCT_BUNDLE_IDENTIFIER = com.cs482.GreyhoundHub;
				PRODUCT_NAME = "$(TARGET_NAME)";
				SDKROOT = auto;
				SUPPORTED_PLATFORMS = "iphoneos iphonesimulator macosx";
				SWIFT_EMIT_LOC_STRINGS = YES;
				SWIFT_VERSION = 5.0;
				TARGETED_DEVICE_FAMILY = "1,2";
			};
			name = Release;
		};
		3F08449A2AF42B320080BF41 /* Debug */ = {
			isa = XCBuildConfiguration;
			buildSettings = {
				ALWAYS_EMBED_SWIFT_STANDARD_LIBRARIES = YES;
				BUNDLE_LOADER = "$(TEST_HOST)";
				CODE_SIGN_STYLE = Automatic;
				CURRENT_PROJECT_VERSION = 1;
				GENERATE_INFOPLIST_FILE = YES;
				IPHONEOS_DEPLOYMENT_TARGET = 16.4;
				MACOSX_DEPLOYMENT_TARGET = 13.3;
				MARKETING_VERSION = 1.0;
				PRODUCT_BUNDLE_IDENTIFIER = com.cs482.GreyhoundHubTests;
				PRODUCT_NAME = "$(TARGET_NAME)";
				SDKROOT = auto;
				SUPPORTED_PLATFORMS = "iphoneos iphonesimulator macosx";
				SWIFT_EMIT_LOC_STRINGS = NO;
				SWIFT_VERSION = 5.0;
				TARGETED_DEVICE_FAMILY = "1,2";
				TEST_HOST = "$(BUILT_PRODUCTS_DIR)/GreyhoundHub.app/$(BUNDLE_EXECUTABLE_FOLDER_PATH)/GreyhoundHub";
			};
			name = Debug;
		};
		3F08449B2AF42B320080BF41 /* Release */ = {
			isa = XCBuildConfiguration;
			buildSettings = {
				ALWAYS_EMBED_SWIFT_STANDARD_LIBRARIES = YES;
				BUNDLE_LOADER = "$(TEST_HOST)";
				CODE_SIGN_STYLE = Automatic;
				CURRENT_PROJECT_VERSION = 1;
				GENERATE_INFOPLIST_FILE = YES;
				IPHONEOS_DEPLOYMENT_TARGET = 16.4;
				MACOSX_DEPLOYMENT_TARGET = 13.3;
				MARKETING_VERSION = 1.0;
				PRODUCT_BUNDLE_IDENTIFIER = com.cs482.GreyhoundHubTests;
				PRODUCT_NAME = "$(TARGET_NAME)";
				SDKROOT = auto;
				SUPPORTED_PLATFORMS = "iphoneos iphonesimulator macosx";
				SWIFT_EMIT_LOC_STRINGS = NO;
				SWIFT_VERSION = 5.0;
				TARGETED_DEVICE_FAMILY = "1,2";
				TEST_HOST = "$(BUILT_PRODUCTS_DIR)/GreyhoundHub.app/$(BUNDLE_EXECUTABLE_FOLDER_PATH)/GreyhoundHub";
			};
			name = Release;
		};
		3F08449D2AF42B320080BF41 /* Debug */ = {
			isa = XCBuildConfiguration;
			buildSettings = {
				ALWAYS_EMBED_SWIFT_STANDARD_LIBRARIES = YES;
				CODE_SIGN_STYLE = Automatic;
				CURRENT_PROJECT_VERSION = 1;
				GENERATE_INFOPLIST_FILE = YES;
				IPHONEOS_DEPLOYMENT_TARGET = 16.4;
				MACOSX_DEPLOYMENT_TARGET = 13.3;
				MARKETING_VERSION = 1.0;
				PRODUCT_BUNDLE_IDENTIFIER = com.cs482.GreyhoundHubUITests;
				PRODUCT_NAME = "$(TARGET_NAME)";
				SDKROOT = auto;
				SUPPORTED_PLATFORMS = "iphoneos iphonesimulator macosx";
				SWIFT_EMIT_LOC_STRINGS = NO;
				SWIFT_VERSION = 5.0;
				TARGETED_DEVICE_FAMILY = "1,2";
				TEST_TARGET_NAME = GreyhoundHub;
			};
			name = Debug;
		};
		3F08449E2AF42B320080BF41 /* Release */ = {
			isa = XCBuildConfiguration;
			buildSettings = {
				ALWAYS_EMBED_SWIFT_STANDARD_LIBRARIES = YES;
				CODE_SIGN_STYLE = Automatic;
				CURRENT_PROJECT_VERSION = 1;
				GENERATE_INFOPLIST_FILE = YES;
				IPHONEOS_DEPLOYMENT_TARGET = 16.4;
				MACOSX_DEPLOYMENT_TARGET = 13.3;
				MARKETING_VERSION = 1.0;
				PRODUCT_BUNDLE_IDENTIFIER = com.cs482.GreyhoundHubUITests;
				PRODUCT_NAME = "$(TARGET_NAME)";
				SDKROOT = auto;
				SUPPORTED_PLATFORMS = "iphoneos iphonesimulator macosx";
				SWIFT_EMIT_LOC_STRINGS = NO;
				SWIFT_VERSION = 5.0;
				TARGETED_DEVICE_FAMILY = "1,2";
				TEST_TARGET_NAME = GreyhoundHub;
			};
			name = Release;
		};
/* End XCBuildConfiguration section */

/* Begin XCConfigurationList section */
		3F08446C2AF42B300080BF41 /* Build configuration list for PBXProject "GreyhoundHub" */ = {
			isa = XCConfigurationList;
			buildConfigurations = (
				3F0844942AF42B320080BF41 /* Debug */,
				3F0844952AF42B320080BF41 /* Release */,
			);
			defaultConfigurationIsVisible = 0;
			defaultConfigurationName = Release;
		};
		3F0844962AF42B320080BF41 /* Build configuration list for PBXNativeTarget "GreyhoundHub" */ = {
			isa = XCConfigurationList;
			buildConfigurations = (
				3F0844972AF42B320080BF41 /* Debug */,
				3F0844982AF42B320080BF41 /* Release */,
			);
			defaultConfigurationIsVisible = 0;
			defaultConfigurationName = Release;
		};
		3F0844992AF42B320080BF41 /* Build configuration list for PBXNativeTarget "GreyhoundHubTests" */ = {
			isa = XCConfigurationList;
			buildConfigurations = (
				3F08449A2AF42B320080BF41 /* Debug */,
				3F08449B2AF42B320080BF41 /* Release */,
			);
			defaultConfigurationIsVisible = 0;
			defaultConfigurationName = Release;
		};
		3F08449C2AF42B320080BF41 /* Build configuration list for PBXNativeTarget "GreyhoundHubUITests" */ = {
			isa = XCConfigurationList;
			buildConfigurations = (
				3F08449D2AF42B320080BF41 /* Debug */,
				3F08449E2AF42B320080BF41 /* Release */,
			);
			defaultConfigurationIsVisible = 0;
			defaultConfigurationName = Release;
		};
/* End XCConfigurationList section */
	};
	rootObject = 3F0844692AF42B300080BF41 /* Project object */;
}
